
Microsoft Visual Studio Solution File, Format Version 12.00
# Visual Studio 15
VisualStudioVersion = 15.0.28307.852
MinimumVisualStudioVersion = 10.0.40219.1
Project("{FAE04EC0-301F-11D3-BF4B-00C04F79EFBC}") = "EjercicioCalculadoraDiseñoDinamico", "EjercicioCalculadoraDiseñoDinamico\EjercicioCalculadoraDiseñoDinamico.csproj", "{A1CB4141-D08E-4CF0-9C1D-84CE32964E2F}"
EndProject
Global
	GlobalSection(SolutionConfigurationPlatforms) = preSolution
		Debug|Any CPU = Debug|Any CPU
		Release|Any CPU = Release|Any CPU
	EndGlobalSection
	GlobalSection(ProjectConfigurationPlatforms) = postSolution
		{A1CB4141-D08E-4CF0-9C1D-84CE32964E2F}.Debug|Any CPU.ActiveCfg = Debug|Any CPU
		{A1CB4141-D08E-4CF0-9C1D-84CE32964E2F}.Debug|Any CPU.Build.0 = Debug|Any CPU
		{A1CB4141-D08E-4CF0-9C1D-84CE32964E2F}.Release|Any CPU.ActiveCfg = Release|Any CPU
		{A1CB4141-D08E-4CF0-9C1D-84CE32964E2F}.Release|Any CPU.Build.0 = Release|Any CPU
	EndGlobalSection
	GlobalSection(SolutionProperties) = preSolution
		HideSolutionNode = FALSE
	EndGlobalSection
	GlobalSection(ExtensibilityGlobals) = postSolution
		SolutionGuid = {B68C12FB-14C1-4594-B64C-C84826EA2AFA}
	EndGlobalSection
EndGlobal
